{
  "name": "project-one",
  "lockfileVersion": 2,
  "requires": true,
  "packages": {
    "": {
      "workspaces": [
        "foo",
        "bar",
        "all"
      ]
    },
    "all": {},
    "bar": {},
    "foo": {},
    "node_modules/all": {
      "resolved": "all",
      "link": true
    },
    "node_modules/bar": {
      "resolved": "bar",
      "link": true
    },
    "node_modules/foo": {
      "resolved": "foo",
      "link": true
    }
  },
  "dependencies": {
    "all": {
      "version": "file:all"
    },
    "bar": {
      "version": "file:bar"
    },
    "foo": {
      "version": "file:foo"
    }
  }
}
